
Microsoft Visual Studio Solution File, Format Version 12.00
# Visual Studio Version 17
VisualStudioVersion = 17.5.33627.172
MinimumVisualStudioVersion = 10.0.40219.1
Project("{FAE04EC0-301F-11D3-BF4B-00C04F79EFBC}") = "DataStructure", "DataStructure\DataStructure.csproj", "{904F4440-2B57-4A44-A151-751D3BB8BA1B}"
EndProject
Global
	GlobalSection(SolutionConfigurationPlatforms) = preSolution
		Debug|Any CPU = Debug|Any CPU
		Release|Any CPU = Release|Any CPU
	EndGlobalSection
	GlobalSection(ProjectConfigurationPlatforms) = postSolution
		{904F4440-2B57-4A44-A151-751D3BB8BA1B}.Debug|Any CPU.ActiveCfg = Debug|Any CPU
		{904F4440-2B57-4A44-A151-751D3BB8BA1B}.Debug|Any CPU.Build.0 = Debug|Any CPU
		{904F4440-2B57-4A44-A151-751D3BB8BA1B}.Release|Any CPU.ActiveCfg = Release|Any CPU
		{904F4440-2B57-4A44-A151-751D3BB8BA1B}.Release|Any CPU.Build.0 = Release|Any CPU
	EndGlobalSection
	GlobalSection(SolutionProperties) = preSolution
		HideSolutionNode = FALSE
	EndGlobalSection
	GlobalSection(ExtensibilityGlobals) = postSolution
		SolutionGuid = {DF5A032E-EACE-4C07-A808-F861ED7B69FE}
	EndGlobalSection
EndGlobal
