
Microsoft Visual Studio Solution File, Format Version 12.00
# Visual Studio Version 17
VisualStudioVersion = 17.5.33627.172
MinimumVisualStudioVersion = 10.0.40219.1
Project("{FAE04EC0-301F-11D3-BF4B-00C04F79EFBC}") = "HomeworkThree", "HomeworkThree\HomeworkThree.csproj", "{91E68794-00AF-4BB3-B55C-816BD8587B4E}"
EndProject
Global
	GlobalSection(SolutionConfigurationPlatforms) = preSolution
		Debug|Any CPU = Debug|Any CPU
		Release|Any CPU = Release|Any CPU
	EndGlobalSection
	GlobalSection(ProjectConfigurationPlatforms) = postSolution
		{91E68794-00AF-4BB3-B55C-816BD8587B4E}.Debug|Any CPU.ActiveCfg = Debug|Any CPU
		{91E68794-00AF-4BB3-B55C-816BD8587B4E}.Debug|Any CPU.Build.0 = Debug|Any CPU
		{91E68794-00AF-4BB3-B55C-816BD8587B4E}.Release|Any CPU.ActiveCfg = Release|Any CPU
		{91E68794-00AF-4BB3-B55C-816BD8587B4E}.Release|Any CPU.Build.0 = Release|Any CPU
	EndGlobalSection
	GlobalSection(SolutionProperties) = preSolution
		HideSolutionNode = FALSE
	EndGlobalSection
	GlobalSection(ExtensibilityGlobals) = postSolution
		SolutionGuid = {F6F794C9-EA10-4F62-ADFB-B0229E5F3C3D}
	EndGlobalSection
EndGlobal
